apiVersion: vendir.k14s.io/v1alpha1
directories:
- contents:
  - git:
      commitTitle: 'Merge pull request #1182 from andyzhangx/cut-v4.13.4...'
      sha: f09798c0f1e7d1ae3b32dc8dfef67f6e848e8761
      tags:
      - v4.13.4
    path: csi-driver-nfs
  path: vendor
- contents:
  - directory: {}
    path: .
  path: helm
kind: LockConfig
